
Microsoft Visual Studio Solution File, Format Version 11.00
# Visual C# Express 2010
Project("{FAE04EC0-301F-11D3-BF4B-00C04F79EFBC}") = "TubeRip", "TubeRip\TubeRip.csproj", "{A3DAC3F9-35D5-440C-B48C-59CB39F49C97}"
EndProject
Project("{FAE04EC0-301F-11D3-BF4B-00C04F79EFBC}") = "Ripify Installer", "..\TubeRip Installer\Ripify Installer\Ripify Installer.csproj", "{B6A6B670-06B6-4541-A8FE-C17046D45B8B}"
EndProject
Project("{FAE04EC0-301F-11D3-BF4B-00C04F79EFBC}") = "Vimeo", "Vimeo\Vimeo.csproj", "{58CA9071-6932-4782-B351-AEA0A64DE833}"
EndProject
Project("{FAE04EC0-301F-11D3-BF4B-00C04F79EFBC}") = "pluginexample", "pluginexample\pluginexample.csproj", "{7801A3FC-0346-43F5-9712-F3CDE3A95AC9}"
EndProject
Project("{FAE04EC0-301F-11D3-BF4B-00C04F79EFBC}") = "testplugin2", "testplugin2\testplugin2.csproj", "{AA321AC1-6385-47B5-B841-AAFCA1586333}"
EndProject
Global
	GlobalSection(SolutionConfigurationPlatforms) = preSolution
		Debug|Any CPU = Debug|Any CPU
		Debug|Mixed Platforms = Debug|Mixed Platforms
		Debug|x86 = Debug|x86
		Release|Any CPU = Release|Any CPU
		Release|Mixed Platforms = Release|Mixed Platforms
		Release|x86 = Release|x86
	EndGlobalSection
	GlobalSection(ProjectConfigurationPlatforms) = postSolution
		{A3DAC3F9-35D5-440C-B48C-59CB39F49C97}.Debug|Any CPU.ActiveCfg = Debug|x86
		{A3DAC3F9-35D5-440C-B48C-59CB39F49C97}.Debug|Mixed Platforms.ActiveCfg = Debug|x86
		{A3DAC3F9-35D5-440C-B48C-59CB39F49C97}.Debug|Mixed Platforms.Build.0 = Debug|x86
		{A3DAC3F9-35D5-440C-B48C-59CB39F49C97}.Debug|x86.ActiveCfg = Debug|x86
		{A3DAC3F9-35D5-440C-B48C-59CB39F49C97}.Debug|x86.Build.0 = Debug|x86
		{A3DAC3F9-35D5-440C-B48C-59CB39F49C97}.Release|Any CPU.ActiveCfg = Release|x86
		{A3DAC3F9-35D5-440C-B48C-59CB39F49C97}.Release|Mixed Platforms.ActiveCfg = Release|x86
		{A3DAC3F9-35D5-440C-B48C-59CB39F49C97}.Release|Mixed Platforms.Build.0 = Release|x86
		{A3DAC3F9-35D5-440C-B48C-59CB39F49C97}.Release|x86.ActiveCfg = Release|x86
		{A3DAC3F9-35D5-440C-B48C-59CB39F49C97}.Release|x86.Build.0 = Release|x86
		{B6A6B670-06B6-4541-A8FE-C17046D45B8B}.Debug|Any CPU.ActiveCfg = Debug|x86
		{B6A6B670-06B6-4541-A8FE-C17046D45B8B}.Debug|Mixed Platforms.ActiveCfg = Debug|x86
		{B6A6B670-06B6-4541-A8FE-C17046D45B8B}.Debug|Mixed Platforms.Build.0 = Debug|x86
		{B6A6B670-06B6-4541-A8FE-C17046D45B8B}.Debug|x86.ActiveCfg = Debug|x86
		{B6A6B670-06B6-4541-A8FE-C17046D45B8B}.Debug|x86.Build.0 = Debug|x86
		{B6A6B670-06B6-4541-A8FE-C17046D45B8B}.Release|Any CPU.ActiveCfg = Release|x86
		{B6A6B670-06B6-4541-A8FE-C17046D45B8B}.Release|Mixed Platforms.ActiveCfg = Release|x86
		{B6A6B670-06B6-4541-A8FE-C17046D45B8B}.Release|Mixed Platforms.Build.0 = Release|x86
		{B6A6B670-06B6-4541-A8FE-C17046D45B8B}.Release|x86.ActiveCfg = Release|x86
		{B6A6B670-06B6-4541-A8FE-C17046D45B8B}.Release|x86.Build.0 = Release|x86
		{58CA9071-6932-4782-B351-AEA0A64DE833}.Debug|Any CPU.ActiveCfg = Debug|Any CPU
		{58CA9071-6932-4782-B351-AEA0A64DE833}.Debug|Any CPU.Build.0 = Debug|Any CPU
		{58CA9071-6932-4782-B351-AEA0A64DE833}.Debug|Mixed Platforms.ActiveCfg = Debug|Any CPU
		{58CA9071-6932-4782-B351-AEA0A64DE833}.Debug|Mixed Platforms.Build.0 = Debug|Any CPU
		{58CA9071-6932-4782-B351-AEA0A64DE833}.Debug|x86.ActiveCfg = Debug|Any CPU
		{58CA9071-6932-4782-B351-AEA0A64DE833}.Release|Any CPU.ActiveCfg = Release|Any CPU
		{58CA9071-6932-4782-B351-AEA0A64DE833}.Release|Any CPU.Build.0 = Release|Any CPU
		{58CA9071-6932-4782-B351-AEA0A64DE833}.Release|Mixed Platforms.ActiveCfg = Release|Any CPU
		{58CA9071-6932-4782-B351-AEA0A64DE833}.Release|Mixed Platforms.Build.0 = Release|Any CPU
		{58CA9071-6932-4782-B351-AEA0A64DE833}.Release|x86.ActiveCfg = Release|Any CPU
		{7801A3FC-0346-43F5-9712-F3CDE3A95AC9}.Debug|Any CPU.ActiveCfg = Debug|Any CPU
		{7801A3FC-0346-43F5-9712-F3CDE3A95AC9}.Debug|Any CPU.Build.0 = Debug|Any CPU
		{7801A3FC-0346-43F5-9712-F3CDE3A95AC9}.Debug|Mixed Platforms.ActiveCfg = Debug|Any CPU
		{7801A3FC-0346-43F5-9712-F3CDE3A95AC9}.Debug|Mixed Platforms.Build.0 = Debug|Any CPU
		{7801A3FC-0346-43F5-9712-F3CDE3A95AC9}.Debug|x86.ActiveCfg = Debug|Any CPU
		{7801A3FC-0346-43F5-9712-F3CDE3A95AC9}.Release|Any CPU.ActiveCfg = Release|Any CPU
		{7801A3FC-0346-43F5-9712-F3CDE3A95AC9}.Release|Any CPU.Build.0 = Release|Any CPU
		{7801A3FC-0346-43F5-9712-F3CDE3A95AC9}.Release|Mixed Platforms.ActiveCfg = Release|Any CPU
		{7801A3FC-0346-43F5-9712-F3CDE3A95AC9}.Release|Mixed Platforms.Build.0 = Release|Any CPU
		{7801A3FC-0346-43F5-9712-F3CDE3A95AC9}.Release|x86.ActiveCfg = Release|Any CPU
		{AA321AC1-6385-47B5-B841-AAFCA1586333}.Debug|Any CPU.ActiveCfg = Debug|Any CPU
		{AA321AC1-6385-47B5-B841-AAFCA1586333}.Debug|Any CPU.Build.0 = Debug|Any CPU
		{AA321AC1-6385-47B5-B841-AAFCA1586333}.Debug|Mixed Platforms.ActiveCfg = Debug|Any CPU
		{AA321AC1-6385-47B5-B841-AAFCA1586333}.Debug|Mixed Platforms.Build.0 = Debug|Any CPU
		{AA321AC1-6385-47B5-B841-AAFCA1586333}.Debug|x86.ActiveCfg = Debug|Any CPU
		{AA321AC1-6385-47B5-B841-AAFCA1586333}.Release|Any CPU.ActiveCfg = Release|Any CPU
		{AA321AC1-6385-47B5-B841-AAFCA1586333}.Release|Any CPU.Build.0 = Release|Any CPU
		{AA321AC1-6385-47B5-B841-AAFCA1586333}.Release|Mixed Platforms.ActiveCfg = Release|Any CPU
		{AA321AC1-6385-47B5-B841-AAFCA1586333}.Release|Mixed Platforms.Build.0 = Release|Any CPU
		{AA321AC1-6385-47B5-B841-AAFCA1586333}.Release|x86.ActiveCfg = Release|Any CPU
	EndGlobalSection
	GlobalSection(SolutionProperties) = preSolution
		HideSolutionNode = FALSE
	EndGlobalSection
EndGlobal
